// !$*UTF8*$!
{
	archiveVersion = 1;
	classes = {
	};
	objectVersion = 50;
	objects = {

/* Begin PBXBuildFile section */
		BC44F9A62322DAF000DD33E3 /* AppDelegate.swift in Sources */ = {isa = PBXBuildFile; fileRef = BC44F9A52322DAF000DD33E3 /* AppDelegate.swift */; };
		BC44F9A82322DAF000DD33E3 /* ViewController.swift in Sources */ = {isa = PBXBuildFile; fileRef = BC44F9A72322DAF000DD33E3 /* ViewController.swift */; };
		BC44F9AB2322DAF000DD33E3 /* Main.storyboard in Resources */ = {isa = PBXBuildFile; fileRef = BC44F9A92322DAF000DD33E3 /* Main.storyboard */; };
		BC44F9AD2322DAF200DD33E3 /* Assets.xcassets in Resources */ = {isa = PBXBuildFile; fileRef = BC44F9AC2322DAF200DD33E3 /* Assets.xcassets */; };
		BC44F9B02322DAF200DD33E3 /* LaunchScreen.storyboard in Resources */ = {isa = PBXBuildFile; fileRef = BC44F9AE2322DAF200DD33E3 /* LaunchScreen.storyboard */; };
		BC44F9BB2322DAF200DD33E3 /* quizTests.swift in Sources */ = {isa = PBXBuildFile; fileRef = BC44F9BA2322DAF200DD33E3 /* quizTests.swift */; };
		BC44F9C62322DAF200DD33E3 /* quizUITests.swift in Sources */ = {isa = PBXBuildFile; fileRef = BC44F9C52322DAF200DD33E3 /* quizUITests.swift */; };
/* End PBXBuildFile section */

/* Begin PBXContainerItemProxy section */
		BC44F9B72322DAF200DD33E3 /* PBXContainerItemProxy */ = {
			isa = PBXContainerItemProxy;
			containerPortal = BC44F99A2322DAF000DD33E3 /* Project object */;
			proxyType = 1;
			remoteGlobalIDString = BC44F9A12322DAF000DD33E3;
			remoteInfo = quiz;
		};
		BC44F9C22322DAF200DD33E3 /* PBXContainerItemProxy */ = {
			isa = PBXContainerItemProxy;
			containerPortal = BC44F99A2322DAF000DD33E3 /* Project object */;
			proxyType = 1;
			remoteGlobalIDString = BC44F9A12322DAF000DD33E3;
			remoteInfo = quiz;
		};
/* End PBXContainerItemProxy section */

/* Begin PBXFileReference section */
		BC44F9A22322DAF000DD33E3 /* quiz.app */ = {isa = PBXFileReference; explicitFileType = wrapper.application; includeInIndex = 0; path = quiz.app; sourceTree = BUILT_PRODUCTS_DIR; };
		BC44F9A52322DAF000DD33E3 /* AppDelegate.swift */ = {isa = PBXFileReference; lastKnownFileType = sourcecode.swift; path = AppDelegate.swift; sourceTree = "<group>"; };
		BC44F9A72322DAF000DD33E3 /* ViewController.swift */ = {isa = PBXFileReference; lastKnownFileType = sourcecode.swift; path = ViewController.swift; sourceTree = "<group>"; };
		BC44F9AA2322DAF000DD33E3 /* Base */ = {isa = PBXFileReference; lastKnownFileType = file.storyboard; name = Base; path = Base.lproj/Main.storyboard; sourceTree = "<group>"; };
		BC44F9AC2322DAF200DD33E3 /* Assets.xcassets */ = {isa = PBXFileReference; lastKnownFileType = folder.assetcatalog; path = Assets.xcassets; sourceTree = "<group>"; };
		BC44F9AF2322DAF200DD33E3 /* Base */ = {isa = PBXFileReference; lastKnownFileType = file.storyboard; name = Base; path = Base.lproj/LaunchScreen.storyboard; sourceTree = "<group>"; };
		BC44F9B12322DAF200DD33E3 /* Info.plist */ = {isa = PBXFileReference; lastKnownFileType = text.plist.xml; path = Info.plist; sourceTree = "<group>"; };
		BC44F9B62322DAF200DD33E3 /* quizTests.xctest */ = {isa = PBXFileReference; explicitFileType = wrapper.cfbundle; includeInIndex = 0; path = quizTests.xctest; sourceTree = BUILT_PRODUCTS_DIR; };
		BC44F9BA2322DAF200DD33E3 /* quizTests.swift */ = {isa = PBXFileReference; lastKnownFileType = sourcecode.swift; path = quizTests.swift; sourceTree = "<group>"; };
		BC44F9BC2322DAF200DD33E3 /* Info.plist */ = {isa = PBXFileReference; lastKnownFileType = text.plist.xml; path = Info.plist; sourceTree = "<group>"; };
		BC44F9C12322DAF200DD33E3 /* quizUITests.xctest */ = {isa = PBXFileReference; explicitFileType = wrapper.cfbundle; includeInIndex = 0; path = quizUITests.xctest; sourceTree = BUILT_PRODUCTS_DIR; };
		BC44F9C52322DAF200DD33E3 /* quizUITests.swift */ = {isa = PBXFileReference; lastKnownFileType = sourcecode.swift; path = quizUITests.swift; sourceTree = "<group>"; };
		BC44F9C72322DAF200DD33E3 /* Info.plist */ = {isa = PBXFileReference; lastKnownFileType = text.plist.xml; path = Info.plist; sourceTree = "<group>"; };
/* End PBXFileReference section */

/* Begin PBXFrameworksBuildPhase section */
		BC44F99F2322DAF000DD33E3 /* Frameworks */ = {
			isa = PBXFrameworksBuildPhase;
			buildActionMask = 2147483647;
			files = (
			);
			runOnlyForDeploymentPostprocessing = 0;
		};
		BC44F9B32322DAF200DD33E3 /* Frameworks */ = {
			isa = PBXFrameworksBuildPhase;
			buildActionMask = 2147483647;
			files = (
			);
			runOnlyForDeploymentPostprocessing = 0;
		};
		BC44F9BE2322DAF200DD33E3 /* Frameworks */ = {
			isa = PBXFrameworksBuildPhase;
			buildActionMask = 2147483647;
			files = (
			);
			runOnlyForDeploymentPostprocessing = 0;
		};
/* End PBXFrameworksBuildPhase section */

/* Begin PBXGroup section */
		BC44F9992322DAF000DD33E3 = {
			isa = PBXGroup;
			children = (
				BC44F9A42322DAF000DD33E3 /* quiz */,
				BC44F9B92322DAF200DD33E3 /* quizTests */,
				BC44F9C42322DAF200DD33E3 /* quizUITests */,
				BC44F9A32322DAF000DD33E3 /* Products */,
			);
			sourceTree = "<group>";
		};
		BC44F9A32322DAF000DD33E3 /* Products */ = {
			isa = PBXGroup;
			children = (
				BC44F9A22322DAF000DD33E3 /* quiz.app */,
				BC44F9B62322DAF200DD33E3 /* quizTests.xctest */,
				BC44F9C12322DAF200DD33E3 /* quizUITests.xctest */,
			);
			name = Products;
			sourceTree = "<group>";
		};
		BC44F9A42322DAF000DD33E3 /* quiz */ = {
			isa = PBXGroup;
			children = (
				BC44F9A52322DAF000DD33E3 /* AppDelegate.swift */,
				BC44F9A72322DAF000DD33E3 /* ViewController.swift */,
				BC44F9A92322DAF000DD33E3 /* Main.storyboard */,
				BC44F9AC2322DAF200DD33E3 /* Assets.xcassets */,
				BC44F9AE2322DAF200DD33E3 /* LaunchScreen.storyboard */,
				BC44F9B12322DAF200DD33E3 /* Info.plist */,
			);
			path = quiz;
			sourceTree = "<group>";
		};
		BC44F9B92322DAF200DD33E3 /* quizTests */ = {
			isa = PBXGroup;
			children = (
				BC44F9BA2322DAF200DD33E3 /* quizTests.swift */,
				BC44F9BC2322DAF200DD33E3 /* Info.plist */,
			);
			path = quizTests;
			sourceTree = "<group>";
		};
		BC44F9C42322DAF200DD33E3 /* quizUITests */ = {
			isa = PBXGroup;
			children = (
				BC44F9C52322DAF200DD33E3 /* quizUITests.swift */,
				BC44F9C72322DAF200DD33E3 /* Info.plist */,
			);
			path = quizUITests;
			sourceTree = "<group>";
		};
/* End PBXGroup section */

/* Begin PBXNativeTarget section */
		BC44F9A12322DAF000DD33E3 /* quiz */ = {
			isa = PBXNativeTarget;
			buildConfigurationList = BC44F9CA2322DAF200DD33E3 /* Build configuration list for PBXNativeTarget "quiz" */;
			buildPhases = (
				BC44F99E2322DAF000DD33E3 /* Sources */,
				BC44F99F2322DAF000DD33E3 /* Frameworks */,
				BC44F9A02322DAF000DD33E3 /* Resources */,
			);
			buildRules = (
			);
			dependencies = (
			);
			name = quiz;
			productName = quiz;
			productReference = BC44F9A22322DAF000DD33E3 /* quiz.app */;
			productType = "com.apple.product-type.application";
		};
		BC44F9B52322DAF200DD33E3 /* quizTests */ = {
			isa = PBXNativeTarget;
			buildConfigurationList = BC44F9CD2322DAF200DD33E3 /* Build configuration list for PBXNativeTarget "quizTests" */;
			buildPhases = (
				BC44F9B22322DAF200DD33E3 /* Sources */,
				BC44F9B32322DAF200DD33E3 /* Frameworks */,
				BC44F9B42322DAF200DD33E3 /* Resources */,
			);
			buildRules = (
			);
			dependencies = (
				BC44F9B82322DAF200DD33E3 /* PBXTargetDependency */,
			);
			name = quizTests;
			productName = quizTests;
			productReference = BC44F9B62322DAF200DD33E3 /* quizTests.xctest */;
			productType = "com.apple.product-type.bundle.unit-test";
		};
		BC44F9C02322DAF200DD33E3 /* quizUITests */ = {
			isa = PBXNativeTarget;
			buildConfigurationList = BC44F9D02322DAF200DD33E3 /* Build configuration list for PBXNativeTarget "quizUITests" */;
			buildPhases = (
				BC44F9BD2322DAF200DD33E3 /* Sources */,
				BC44F9BE2322DAF200DD33E3 /* Frameworks */,
				BC44F9BF2322DAF200DD33E3 /* Resources */,
			);
			buildRules = (
			);
			dependencies = (
				BC44F9C32322DAF200DD33E3 /* PBXTargetDependency */,
			);
			name = quizUITests;
			productName = quizUITests;
			productReference = BC44F9C12322DAF200DD33E3 /* quizUITests.xctest */;
			productType = "com.apple.product-type.bundle.ui-testing";
		};
/* End PBXNativeTarget section */

/* Begin PBXProject section */
		BC44F99A2322DAF000DD33E3 /* Project object */ = {
			isa = PBXProject;
			attributes = {
				LastSwiftUpdateCheck = 0940;
				LastUpgradeCheck = 0940;
				ORGANIZATIONNAME = "Sharanjit Kaur";
				TargetAttributes = {
					BC44F9A12322DAF000DD33E3 = {
						CreatedOnToolsVersion = 9.4.1;
					};
					BC44F9B52322DAF200DD33E3 = {
						CreatedOnToolsVersion = 9.4.1;
						TestTargetID = BC44F9A12322DAF000DD33E3;
					};
					BC44F9C02322DAF200DD33E3 = {
						CreatedOnToolsVersion = 9.4.1;
						TestTargetID = BC44F9A12322DAF000DD33E3;
					};
				};
			};
			buildConfigurationList = BC44F99D2322DAF000DD33E3 /* Build configuration list for PBXProject "quiz" */;
			compatibilityVersion = "Xcode 9.3";
			developmentRegion = en;
			hasScannedForEncodings = 0;
			knownRegions = (
				en,
				Base,
			);
			mainGroup = BC44F9992322DAF000DD33E3;
			productRefGroup = BC44F9A32322DAF000DD33E3 /* Products */;
			projectDirPath = "";
			projectRoot = "";
			targets = (
				BC44F9A12322DAF000DD33E3 /* quiz */,
				BC44F9B52322DAF200DD33E3 /* quizTests */,
				BC44F9C02322DAF200DD33E3 /* quizUITests */,
			);
		};
/* End PBXProject section */

/* Begin PBXResourcesBuildPhase section */
		BC44F9A02322DAF000DD33E3 /* Resources */ = {
			isa = PBXResourcesBuildPhase;
			buildActionMask = 2147483647;
			files = (
				BC44F9B02322DAF200DD33E3 /* LaunchScreen.storyboard in Resources */,
				BC44F9AD2322DAF200DD33E3 /* Assets.xcassets in Resources */,
				BC44F9AB2322DAF000DD33E3 /* Main.storyboard in Resources */,
			);
			runOnlyForDeploymentPostprocessing = 0;
		};
		BC44F9B42322DAF200DD33E3 /* Resources */ = {
			isa = PBXResourcesBuildPhase;
			buildActionMask = 2147483647;
			files = (
			);
			runOnlyForDeploymentPostprocessing = 0;
		};
		BC44F9BF2322DAF200DD33E3 /* Resources */ = {
			isa = PBXResourcesBuildPhase;
			buildActionMask = 2147483647;
			files = (
			);
			runOnlyForDeploymentPostprocessing = 0;
		};
/* End PBXResourcesBuildPhase section */

/* Begin PBXSourcesBuildPhase section */
		BC44F99E2322DAF000DD33E3 /* Sources */ = {
			isa = PBXSourcesBuildPhase;
			buildActionMask = 2147483647;
			files = (
				BC44F9A82322DAF000DD33E3 /* ViewController.swift in Sources */,
				BC44F9A62322DAF000DD33E3 /* AppDelegate.swift in Sources */,
			);
			runOnlyForDeploymentPostprocessing = 0;
		};
		BC44F9B22322DAF200DD33E3 /* Sources */ = {
			isa = PBXSourcesBuildPhase;
			buildActionMask = 2147483647;
			files = (
				BC44F9BB2322DAF200DD33E3 /* quizTests.swift in Sources */,
			);
			runOnlyForDeploymentPostprocessing = 0;
		};
		BC44F9BD2322DAF200DD33E3 /* Sources */ = {
			isa = PBXSourcesBuildPhase;
			buildActionMask = 2147483647;
			files = (
				BC44F9C62322DAF200DD33E3 /* quizUITests.swift in Sources */,
			);
			runOnlyForDeploymentPostprocessing = 0;
		};
/* End PBXSourcesBuildPhase section */

/* Begin PBXTargetDependency section */
		BC44F9B82322DAF200DD33E3 /* PBXTargetDependency */ = {
			isa = PBXTargetDependency;
			target = BC44F9A12322DAF000DD33E3 /* quiz */;
			targetProxy = BC44F9B72322DAF200DD33E3 /* PBXContainerItemProxy */;
		};
		BC44F9C32322DAF200DD33E3 /* PBXTargetDependency */ = {
			isa = PBXTargetDependency;
			target = BC44F9A12322DAF000DD33E3 /* quiz */;
			targetProxy = BC44F9C22322DAF200DD33E3 /* PBXContainerItemProxy */;
		};
/* End PBXTargetDependency section */

/* Begin PBXVariantGroup section */
		BC44F9A92322DAF000DD33E3 /* Main.storyboard */ = {
			isa = PBXVariantGroup;
			children = (
				BC44F9AA2322DAF000DD33E3 /* Base */,
			);
			name = Main.storyboard;
			sourceTree = "<group>";
		};
		BC44F9AE2322DAF200DD33E3 /* LaunchScreen.storyboard */ = {
			isa = PBXVariantGroup;
			children = (
				BC44F9AF2322DAF200DD33E3 /* Base */,
			);
			name = LaunchScreen.storyboard;
			sourceTree = "<group>";
		};
/* End PBXVariantGroup section */

/* Begin XCBuildConfiguration section */
		BC44F9C82322DAF200DD33E3 /* Debug */ = {
			isa = XCBuildConfiguration;
			buildSettings = {
				ALWAYS_SEARCH_USER_PATHS = NO;
				CLANG_ANALYZER_NONNULL = YES;
				CLANG_ANALYZER_NUMBER_OBJECT_CONVERSION = YES_AGGRESSIVE;
				CLANG_CXX_LANGUAGE_STANDARD = "gnu++14";
				CLANG_CXX_LIBRARY = "libc++";
				CLANG_ENABLE_MODULES = YES;
				CLANG_ENABLE_OBJC_ARC = YES;
				CLANG_ENABLE_OBJC_WEAK = YES;
				CLANG_WARN_BLOCK_CAPTURE_AUTORELEASING = YES;
				CLANG_WARN_BOOL_CONVERSION = YES;
				CLANG_WARN_COMMA = YES;
				CLANG_WARN_CONSTANT_CONVERSION = YES;
				CLANG_WARN_DEPRECATED_OBJC_IMPLEMENTATIONS = YES;
				CLANG_WARN_DIRECT_OBJC_ISA_USAGE = YES_ERROR;
				CLANG_WARN_DOCUMENTATION_COMMENTS = YES;
				CLANG_WARN_EMPTY_BODY = YES;
				CLANG_WARN_ENUM_CONVERSION = YES;
				CLANG_WARN_INFINITE_RECURSION = YES;
				CLANG_WARN_INT_CONVERSION = YES;
				CLANG_WARN_NON_LITERAL_NULL_CONVERSION = YES;
				CLANG_WARN_OBJC_IMPLICIT_RETAIN_SELF = YES;
				CLANG_WARN_OBJC_LITERAL_CONVERSION = YES;
				CLANG_WARN_OBJC_ROOT_CLASS = YES_ERROR;
				CLANG_WARN_RANGE_LOOP_ANALYSIS = YES;
				CLANG_WARN_STRICT_PROTOTYPES = YES;
				CLANG_WARN_SUSPICIOUS_MOVE = YES;
				CLANG_WARN_UNGUARDED_AVAILABILITY = YES_AGGRESSIVE;
				CLANG_WARN_UNREACHABLE_CODE = YES;
				CLANG_WARN__DUPLICATE_METHOD_MATCH = YES;
				CODE_SIGN_IDENTITY = "iPhone Developer";
				COPY_PHASE_STRIP = NO;
				DEBUG_INFORMATION_FORMAT = dwarf;
				ENABLE_STRICT_OBJC_MSGSEND = YES;
				ENABLE_TESTABILITY = YES;
				GCC_C_LANGUAGE_STANDARD = gnu11;
				GCC_DYNAMIC_NO_PIC = NO;
				GCC_NO_COMMON_BLOCKS = YES;
				GCC_OPTIMIZATION_LEVEL = 0;
				GCC_PREPROCESSOR_DEFINITIONS = (
					"DEBUG=1",
					"$(inherited)",
				);
				GCC_WARN_64_TO_32_BIT_CONVERSION = YES;
				GCC_WARN_ABOUT_RETURN_TYPE = YES_ERROR;
				GCC_WARN_UNDECLARED_SELECTOR = YES;
				GCC_WARN_UNINITIALIZED_AUTOS = YES_AGGRESSIVE;
				GCC_WARN_UNUSED_FUNCTION = YES;
				GCC_WARN_UNUSED_VARIABLE = YES;
				IPHONEOS_DEPLOYMENT_TARGET = 11.4;
				MTL_ENABLE_DEBUG_INFO = YES;
				ONLY_ACTIVE_ARCH = YES;
				SDKROOT = iphoneos;
				SWIFT_ACTIVE_COMPILATION_CONDITIONS = DEBUG;
				SWIFT_OPTIMIZATION_LEVEL = "-Onone";
			};
			name = Debug;
		};
		BC44F9C92322DAF200DD33E3 /* Release */ = {
			isa = XCBuildConfiguration;
			buildSettings = {
				ALWAYS_SEARCH_USER_PATHS = NO;
				CLANG_ANALYZER_NONNULL = YES;
				CLANG_ANALYZER_NUMBER_OBJECT_CONVERSION = YES_AGGRESSIVE;
				CLANG_CXX_LANGUAGE_STANDARD = "gnu++14";
				CLANG_CXX_LIBRARY = "libc++";
				CLANG_ENABLE_MODULES = YES;
				CLANG_ENABLE_OBJC_ARC = YES;
				CLANG_ENABLE_OBJC_WEAK = YES;
				CLANG_WARN_BLOCK_CAPTURE_AUTORELEASING = YES;
				CLANG_WARN_BOOL_CONVERSION = YES;
				CLANG_WARN_COMMA = YES;
				CLANG_WARN_CONSTANT_CONVERSION = YES;
				CLANG_WARN_DEPRECATED_OBJC_IMPLEMENTATIONS = YES;
				CLANG_WARN_DIRECT_OBJC_ISA_USAGE = YES_ERROR;
				CLANG_WARN_DOCUMENTATION_COMMENTS = YES;
				CLANG_WARN_EMPTY_BODY = YES;
				CLANG_WARN_ENUM_CONVERSION = YES;
				CLANG_WARN_INFINITE_RECURSION = YES;
				CLANG_WARN_INT_CONVERSION = YES;
				CLANG_WARN_NON_LITERAL_NULL_CONVERSION = YES;
				CLANG_WARN_OBJC_IMPLICIT_RETAIN_SELF = YES;
				CLANG_WARN_OBJC_LITERAL_CONVERSION = YES;
				CLANG_WARN_OBJC_ROOT_CLASS = YES_ERROR;
				CLANG_WARN_RANGE_LOOP_ANALYSIS = YES;
				CLANG_WARN_STRICT_PROTOTYPES = YES;
				CLANG_WARN_SUSPICIOUS_MOVE = YES;
				CLANG_WARN_UNGUARDED_AVAILABILITY = YES_AGGRESSIVE;
				CLANG_WARN_UNREACHABLE_CODE = YES;
				CLANG_WARN__DUPLICATE_METHOD_MATCH = YES;
				CODE_SIGN_IDENTITY = "iPhone Developer";
				COPY_PHASE_STRIP = NO;
				DEBUG_INFORMATION_FORMAT = "dwarf-with-dsym";
				ENABLE_NS_ASSERTIONS = NO;
				ENABLE_STRICT_OBJC_MSGSEND = YES;
				GCC_C_LANGUAGE_STANDARD = gnu11;
				GCC_NO_COMMON_BLOCKS = YES;
				GCC_WARN_64_TO_32_BIT_CONVERSION = YES;
				GCC_WARN_ABOUT_RETURN_TYPE = YES_ERROR;
				GCC_WARN_UNDECLARED_SELECTOR = YES;
				GCC_WARN_UNINITIALIZED_AUTOS = YES_AGGRESSIVE;
				GCC_WARN_UNUSED_FUNCTION = YES;
				GCC_WARN_UNUSED_VARIABLE = YES;
				IPHONEOS_DEPLOYMENT_TARGET = 11.4;
				MTL_ENABLE_DEBUG_INFO = NO;
				SDKROOT = iphoneos;
				SWIFT_COMPILATION_MODE = wholemodule;
				SWIFT_OPTIMIZATION_LEVEL = "-O";
				VALIDATE_PRODUCT = YES;
			};
			name = Release;
		};
		BC44F9CB2322DAF200DD33E3 /* Debug */ = {
			isa = XCBuildConfiguration;
			buildSettings = {
				ASSETCATALOG_COMPILER_APPICON_NAME = AppIcon;
				CODE_SIGN_STYLE = Automatic;
				INFOPLIST_FILE = quiz/Info.plist;
				LD_RUNPATH_SEARCH_PATHS = (
					"$(inherited)",
					"@executable_path/Frameworks",
				);
				PRODUCT_BUNDLE_IDENTIFIER = ca.saultcollege.quiz;
				PRODUCT_NAME = "$(TARGET_NAME)";
				SWIFT_VERSION = 4.0;
				TARGETED_DEVICE_FAMILY = "1,2";
			};
			name = Debug;
		};
		BC44F9CC2322DAF200DD33E3 /* Release */ = {
			isa = XCBuildConfiguration;
			buildSettings = {
				ASSETCATALOG_COMPILER_APPICON_NAME = AppIcon;
				CODE_SIGN_STYLE = Automatic;
				INFOPLIST_FILE = quiz/Info.plist;
				LD_RUNPATH_SEARCH_PATHS = (
					"$(inherited)",
					"@executable_path/Frameworks",
				);
				PRODUCT_BUNDLE_IDENTIFIER = ca.saultcollege.quiz;
				PRODUCT_NAME = "$(TARGET_NAME)";
				SWIFT_VERSION = 4.0;
				TARGETED_DEVICE_FAMILY = "1,2";
			};
			name = Release;
		};
		BC44F9CE2322DAF200DD33E3 /* Debug */ = {
			isa = XCBuildConfiguration;
			buildSettings = {
				ALWAYS_EMBED_SWIFT_STANDARD_LIBRARIES = YES;
				BUNDLE_LOADER = "$(TEST_HOST)";
				CODE_SIGN_STYLE = Automatic;
				INFOPLIST_FILE = quizTests/Info.plist;
				LD_RUNPATH_SEARCH_PATHS = (
					"$(inherited)",
					"@executable_path/Frameworks",
					"@loader_path/Frameworks",
				);
				PRODUCT_BUNDLE_IDENTIFIER = ca.saultcollege.quizTests;
				PRODUCT_NAME = "$(TARGET_NAME)";
				SWIFT_VERSION = 4.0;
				TARGETED_DEVICE_FAMILY = "1,2";
				TEST_HOST = "$(BUILT_PRODUCTS_DIR)/quiz.app/quiz";
			};
			name = Debug;
		};
		BC44F9CF2322DAF200DD33E3 /* Release */ = {
			isa = XCBuildConfiguration;
			buildSettings = {
				ALWAYS_EMBED_SWIFT_STANDARD_LIBRARIES = YES;
				BUNDLE_LOADER = "$(TEST_HOST)";
				CODE_SIGN_STYLE = Automatic;
				INFOPLIST_FILE = quizTests/Info.plist;
				LD_RUNPATH_SEARCH_PATHS = (
					"$(inherited)",
					"@executable_path/Frameworks",
					"@loader_path/Frameworks",
				);
				PRODUCT_BUNDLE_IDENTIFIER = ca.saultcollege.quizTests;
				PRODUCT_NAME = "$(TARGET_NAME)";
				SWIFT_VERSION = 4.0;
				TARGETED_DEVICE_FAMILY = "1,2";
				TEST_HOST = "$(BUILT_PRODUCTS_DIR)/quiz.app/quiz";
			};
			name = Release;
		};
		BC44F9D12322DAF200DD33E3 /* Debug */ = {
			isa = XCBuildConfiguration;
			buildSettings = {
				ALWAYS_EMBED_SWIFT_STANDARD_LIBRARIES = YES;
				CODE_SIGN_STYLE = Automatic;
				INFOPLIST_FILE = quizUITests/Info.plist;
				LD_RUNPATH_SEARCH_PATHS = (
					"$(inherited)",
					"@executable_path/Frameworks",
					"@loader_path/Frameworks",
				);
				PRODUCT_BUNDLE_IDENTIFIER = ca.saultcollege.quizUITests;
				PRODUCT_NAME = "$(TARGET_NAME)";
				SWIFT_VERSION = 4.0;
				TARGETED_DEVICE_FAMILY = "1,2";
				TEST_TARGET_NAME = quiz;
			};
			name = Debug;
		};
		BC44F9D22322DAF200DD33E3 /* Release */ = {
			isa = XCBuildConfiguration;
			buildSettings = {
				ALWAYS_EMBED_SWIFT_STANDARD_LIBRARIES = YES;
				CODE_SIGN_STYLE = Automatic;
				INFOPLIST_FILE = quizUITests/Info.plist;
				LD_RUNPATH_SEARCH_PATHS = (
					"$(inherited)",
					"@executable_path/Frameworks",
					"@loader_path/Frameworks",
				);
				PRODUCT_BUNDLE_IDENTIFIER = ca.saultcollege.quizUITests;
				PRODUCT_NAME = "$(TARGET_NAME)";
				SWIFT_VERSION = 4.0;
				TARGETED_DEVICE_FAMILY = "1,2";
				TEST_TARGET_NAME = quiz;
			};
			name = Release;
		};
/* End XCBuildConfiguration section */

/* Begin XCConfigurationList section */
		BC44F99D2322DAF000DD33E3 /* Build configuration list for PBXProject "quiz" */ = {
			isa = XCConfigurationList;
			buildConfigurations = (
				BC44F9C82322DAF200DD33E3 /* Debug */,
				BC44F9C92322DAF200DD33E3 /* Release */,
			);
			defaultConfigurationIsVisible = 0;
			defaultConfigurationName = Release;
		};
		BC44F9CA2322DAF200DD33E3 /* Build configuration list for PBXNativeTarget "quiz" */ = {
			isa = XCConfigurationList;
			buildConfigurations = (
				BC44F9CB2322DAF200DD33E3 /* Debug */,
				BC44F9CC2322DAF200DD33E3 /* Release */,
			);
			defaultConfigurationIsVisible = 0;
			defaultConfigurationName = Release;
		};
		BC44F9CD2322DAF200DD33E3 /* Build configuration list for PBXNativeTarget "quizTests" */ = {
			isa = XCConfigurationList;
			buildConfigurations = (
				BC44F9CE2322DAF200DD33E3 /* Debug */,
				BC44F9CF2322DAF200DD33E3 /* Release */,
			);
			defaultConfigurationIsVisible = 0;
			defaultConfigurationName = Release;
		};
		BC44F9D02322DAF200DD33E3 /* Build configuration list for PBXNativeTarget "quizUITests" */ = {
			isa = XCConfigurationList;
			buildConfigurations = (
				BC44F9D12322DAF200DD33E3 /* Debug */,
				BC44F9D22322DAF200DD33E3 /* Release */,
			);
			defaultConfigurationIsVisible = 0;
			defaultConfigurationName = Release;
		};
/* End XCConfigurationList section */
	};
	rootObject = BC44F99A2322DAF000DD33E3 /* Project object */;
}
